
Microsoft Visual Studio Solution File, Format Version 12.00
# Visual Studio Version 17
VisualStudioVersion = 17.10.34928.147
MinimumVisualStudioVersion = 10.0.40219.1
Project("{FAE04EC0-301F-11D3-BF4B-00C04F79EFBC}") = "PJT11_1", "PJT11_1.csproj", "{66CE0B18-9F37-450F-A13A-605A5B3AB527}"
EndProject
Global
	GlobalSection(SolutionConfigurationPlatforms) = preSolution
		Debug|Any CPU = Debug|Any CPU
		Release|Any CPU = Release|Any CPU
	EndGlobalSection
	GlobalSection(ProjectConfigurationPlatforms) = postSolution
		{66CE0B18-9F37-450F-A13A-605A5B3AB527}.Debug|Any CPU.ActiveCfg = Debug|Any CPU
		{66CE0B18-9F37-450F-A13A-605A5B3AB527}.Debug|Any CPU.Build.0 = Debug|Any CPU
		{66CE0B18-9F37-450F-A13A-605A5B3AB527}.Release|Any CPU.ActiveCfg = Release|Any CPU
		{66CE0B18-9F37-450F-A13A-605A5B3AB527}.Release|Any CPU.Build.0 = Release|Any CPU
	EndGlobalSection
	GlobalSection(SolutionProperties) = preSolution
		HideSolutionNode = FALSE
	EndGlobalSection
	GlobalSection(ExtensibilityGlobals) = postSolution
		SolutionGuid = {84D656CC-E6DF-4A0B-A467-4E168FA7F306}
	EndGlobalSection
EndGlobal
