
Microsoft Visual Studio Solution File, Format Version 12.00
# Visual Studio Version 17
VisualStudioVersion = 17.10.34928.147
MinimumVisualStudioVersion = 10.0.40219.1
Project("{FAE04EC0-301F-11D3-BF4B-00C04F79EFBC}") = "PJT11_05", "PJT11_05.csproj", "{296BAB72-E7B9-4949-859D-DA7FEC67B79F}"
EndProject
Global
	GlobalSection(SolutionConfigurationPlatforms) = preSolution
		Debug|Any CPU = Debug|Any CPU
		Release|Any CPU = Release|Any CPU
	EndGlobalSection
	GlobalSection(ProjectConfigurationPlatforms) = postSolution
		{296BAB72-E7B9-4949-859D-DA7FEC67B79F}.Debug|Any CPU.ActiveCfg = Debug|Any CPU
		{296BAB72-E7B9-4949-859D-DA7FEC67B79F}.Debug|Any CPU.Build.0 = Debug|Any CPU
		{296BAB72-E7B9-4949-859D-DA7FEC67B79F}.Release|Any CPU.ActiveCfg = Release|Any CPU
		{296BAB72-E7B9-4949-859D-DA7FEC67B79F}.Release|Any CPU.Build.0 = Release|Any CPU
	EndGlobalSection
	GlobalSection(SolutionProperties) = preSolution
		HideSolutionNode = FALSE
	EndGlobalSection
	GlobalSection(ExtensibilityGlobals) = postSolution
		SolutionGuid = {860D06D5-D710-4D70-8BE9-9B296C6F8611}
	EndGlobalSection
EndGlobal
