
Microsoft Visual Studio Solution File, Format Version 12.00
# Visual Studio Version 17
VisualStudioVersion = 17.10.35122.118
MinimumVisualStudioVersion = 10.0.40219.1
Project("{FAE04EC0-301F-11D3-BF4B-00C04F79EFBC}") = "PJT03_8", "PJT03_8.csproj", "{71B6B717-D291-4E2A-8FFD-3587C836D041}"
EndProject
Global
	GlobalSection(SolutionConfigurationPlatforms) = preSolution
		Debug|Any CPU = Debug|Any CPU
		Release|Any CPU = Release|Any CPU
	EndGlobalSection
	GlobalSection(ProjectConfigurationPlatforms) = postSolution
		{71B6B717-D291-4E2A-8FFD-3587C836D041}.Debug|Any CPU.ActiveCfg = Debug|Any CPU
		{71B6B717-D291-4E2A-8FFD-3587C836D041}.Debug|Any CPU.Build.0 = Debug|Any CPU
		{71B6B717-D291-4E2A-8FFD-3587C836D041}.Release|Any CPU.ActiveCfg = Release|Any CPU
		{71B6B717-D291-4E2A-8FFD-3587C836D041}.Release|Any CPU.Build.0 = Release|Any CPU
	EndGlobalSection
	GlobalSection(SolutionProperties) = preSolution
		HideSolutionNode = FALSE
	EndGlobalSection
	GlobalSection(ExtensibilityGlobals) = postSolution
		SolutionGuid = {CDC644A6-C901-4CD5-8D63-F85B5A4778F3}
	EndGlobalSection
EndGlobal
