
Microsoft Visual Studio Solution File, Format Version 12.00
# Visual Studio Version 17
VisualStudioVersion = 17.10.34928.147
MinimumVisualStudioVersion = 10.0.40219.1
Project("{FAE04EC0-301F-11D3-BF4B-00C04F79EFBC}") = "PJT09_6", "PJT09_6.csproj", "{D2FFC258-C367-4613-B539-10325D103BEC}"
EndProject
Global
	GlobalSection(SolutionConfigurationPlatforms) = preSolution
		Debug|Any CPU = Debug|Any CPU
		Release|Any CPU = Release|Any CPU
	EndGlobalSection
	GlobalSection(ProjectConfigurationPlatforms) = postSolution
		{D2FFC258-C367-4613-B539-10325D103BEC}.Debug|Any CPU.ActiveCfg = Debug|Any CPU
		{D2FFC258-C367-4613-B539-10325D103BEC}.Debug|Any CPU.Build.0 = Debug|Any CPU
		{D2FFC258-C367-4613-B539-10325D103BEC}.Release|Any CPU.ActiveCfg = Release|Any CPU
		{D2FFC258-C367-4613-B539-10325D103BEC}.Release|Any CPU.Build.0 = Release|Any CPU
	EndGlobalSection
	GlobalSection(SolutionProperties) = preSolution
		HideSolutionNode = FALSE
	EndGlobalSection
	GlobalSection(ExtensibilityGlobals) = postSolution
		SolutionGuid = {370B8F8E-5D3C-49BA-B4BF-CC091459C4E1}
	EndGlobalSection
EndGlobal
