
Microsoft Visual Studio Solution File, Format Version 12.00
# Visual Studio Version 17
VisualStudioVersion = 17.10.34928.147
MinimumVisualStudioVersion = 10.0.40219.1
Project("{FAE04EC0-301F-11D3-BF4B-00C04F79EFBC}") = "PJT11_01", "PJT11_01.csproj", "{F8247E31-3EDD-44DB-829E-64F95322E9D7}"
EndProject
Global
	GlobalSection(SolutionConfigurationPlatforms) = preSolution
		Debug|Any CPU = Debug|Any CPU
		Release|Any CPU = Release|Any CPU
	EndGlobalSection
	GlobalSection(ProjectConfigurationPlatforms) = postSolution
		{F8247E31-3EDD-44DB-829E-64F95322E9D7}.Debug|Any CPU.ActiveCfg = Debug|Any CPU
		{F8247E31-3EDD-44DB-829E-64F95322E9D7}.Debug|Any CPU.Build.0 = Debug|Any CPU
		{F8247E31-3EDD-44DB-829E-64F95322E9D7}.Release|Any CPU.ActiveCfg = Release|Any CPU
		{F8247E31-3EDD-44DB-829E-64F95322E9D7}.Release|Any CPU.Build.0 = Release|Any CPU
	EndGlobalSection
	GlobalSection(SolutionProperties) = preSolution
		HideSolutionNode = FALSE
	EndGlobalSection
	GlobalSection(ExtensibilityGlobals) = postSolution
		SolutionGuid = {E202F7F6-1D6B-4173-A23A-F3F6574937FF}
	EndGlobalSection
EndGlobal
