
Microsoft Visual Studio Solution File, Format Version 12.00
# Visual Studio Version 17
VisualStudioVersion = 17.10.34928.147
MinimumVisualStudioVersion = 10.0.40219.1
Project("{FAE04EC0-301F-11D3-BF4B-00C04F79EFBC}") = "PJT11_3", "PJT11_3.csproj", "{DEA65E41-4DD6-4BB5-8C1B-06DF70D65081}"
EndProject
Global
	GlobalSection(SolutionConfigurationPlatforms) = preSolution
		Debug|Any CPU = Debug|Any CPU
		Release|Any CPU = Release|Any CPU
	EndGlobalSection
	GlobalSection(ProjectConfigurationPlatforms) = postSolution
		{DEA65E41-4DD6-4BB5-8C1B-06DF70D65081}.Debug|Any CPU.ActiveCfg = Debug|Any CPU
		{DEA65E41-4DD6-4BB5-8C1B-06DF70D65081}.Debug|Any CPU.Build.0 = Debug|Any CPU
		{DEA65E41-4DD6-4BB5-8C1B-06DF70D65081}.Release|Any CPU.ActiveCfg = Release|Any CPU
		{DEA65E41-4DD6-4BB5-8C1B-06DF70D65081}.Release|Any CPU.Build.0 = Release|Any CPU
	EndGlobalSection
	GlobalSection(SolutionProperties) = preSolution
		HideSolutionNode = FALSE
	EndGlobalSection
	GlobalSection(ExtensibilityGlobals) = postSolution
		SolutionGuid = {D6A5E2DA-C726-4430-AE6B-FC9FDFE904E2}
	EndGlobalSection
EndGlobal
