
Microsoft Visual Studio Solution File, Format Version 12.00
# Visual Studio Version 17
VisualStudioVersion = 17.10.34928.147
MinimumVisualStudioVersion = 10.0.40219.1
Project("{FAE04EC0-301F-11D3-BF4B-00C04F79EFBC}") = "PJT_mini2", "PJT_mini2.csproj", "{E3EA8768-F5AF-4975-B3CD-038A18F41449}"
EndProject
Global
	GlobalSection(SolutionConfigurationPlatforms) = preSolution
		Debug|Any CPU = Debug|Any CPU
		Release|Any CPU = Release|Any CPU
	EndGlobalSection
	GlobalSection(ProjectConfigurationPlatforms) = postSolution
		{E3EA8768-F5AF-4975-B3CD-038A18F41449}.Debug|Any CPU.ActiveCfg = Debug|Any CPU
		{E3EA8768-F5AF-4975-B3CD-038A18F41449}.Debug|Any CPU.Build.0 = Debug|Any CPU
		{E3EA8768-F5AF-4975-B3CD-038A18F41449}.Release|Any CPU.ActiveCfg = Release|Any CPU
		{E3EA8768-F5AF-4975-B3CD-038A18F41449}.Release|Any CPU.Build.0 = Release|Any CPU
	EndGlobalSection
	GlobalSection(SolutionProperties) = preSolution
		HideSolutionNode = FALSE
	EndGlobalSection
	GlobalSection(ExtensibilityGlobals) = postSolution
		SolutionGuid = {B54E3F8E-6B5C-4499-91E1-8195C16D0BEC}
	EndGlobalSection
EndGlobal
