
Microsoft Visual Studio Solution File, Format Version 12.00
# Visual Studio Version 17
VisualStudioVersion = 17.10.34928.147
MinimumVisualStudioVersion = 10.0.40219.1
Project("{FAE04EC0-301F-11D3-BF4B-00C04F79EFBC}") = "PJT04_17", "PJT04_17.csproj", "{CCCFD7F5-C471-4E58-B99E-8D3DF1D92657}"
EndProject
Global
	GlobalSection(SolutionConfigurationPlatforms) = preSolution
		Debug|Any CPU = Debug|Any CPU
		Release|Any CPU = Release|Any CPU
	EndGlobalSection
	GlobalSection(ProjectConfigurationPlatforms) = postSolution
		{CCCFD7F5-C471-4E58-B99E-8D3DF1D92657}.Debug|Any CPU.ActiveCfg = Debug|Any CPU
		{CCCFD7F5-C471-4E58-B99E-8D3DF1D92657}.Debug|Any CPU.Build.0 = Debug|Any CPU
		{CCCFD7F5-C471-4E58-B99E-8D3DF1D92657}.Release|Any CPU.ActiveCfg = Release|Any CPU
		{CCCFD7F5-C471-4E58-B99E-8D3DF1D92657}.Release|Any CPU.Build.0 = Release|Any CPU
	EndGlobalSection
	GlobalSection(SolutionProperties) = preSolution
		HideSolutionNode = FALSE
	EndGlobalSection
	GlobalSection(ExtensibilityGlobals) = postSolution
		SolutionGuid = {4779C02B-0A62-4212-86FC-686514C9C13D}
	EndGlobalSection
EndGlobal
