
Microsoft Visual Studio Solution File, Format Version 12.00
# Visual Studio Version 17
VisualStudioVersion = 17.10.35122.118
MinimumVisualStudioVersion = 10.0.40219.1
Project("{FAE04EC0-301F-11D3-BF4B-00C04F79EFBC}") = "PJT03_24", "PJT03_24.csproj", "{C137F38E-B481-4D32-9127-65EF7CF16B48}"
EndProject
Global
	GlobalSection(SolutionConfigurationPlatforms) = preSolution
		Debug|Any CPU = Debug|Any CPU
		Release|Any CPU = Release|Any CPU
	EndGlobalSection
	GlobalSection(ProjectConfigurationPlatforms) = postSolution
		{C137F38E-B481-4D32-9127-65EF7CF16B48}.Debug|Any CPU.ActiveCfg = Debug|Any CPU
		{C137F38E-B481-4D32-9127-65EF7CF16B48}.Debug|Any CPU.Build.0 = Debug|Any CPU
		{C137F38E-B481-4D32-9127-65EF7CF16B48}.Release|Any CPU.ActiveCfg = Release|Any CPU
		{C137F38E-B481-4D32-9127-65EF7CF16B48}.Release|Any CPU.Build.0 = Release|Any CPU
	EndGlobalSection
	GlobalSection(SolutionProperties) = preSolution
		HideSolutionNode = FALSE
	EndGlobalSection
	GlobalSection(ExtensibilityGlobals) = postSolution
		SolutionGuid = {9611358D-CED7-46C2-84CB-8C80C82C164F}
	EndGlobalSection
EndGlobal
