
Microsoft Visual Studio Solution File, Format Version 12.00
# Visual Studio Version 17
VisualStudioVersion = 17.10.34928.147
MinimumVisualStudioVersion = 10.0.40219.1
Project("{FAE04EC0-301F-11D3-BF4B-00C04F79EFBC}") = "PJT06_21", "PJT06_21.csproj", "{A1024576-BC6E-45D8-A179-00573E4966E5}"
EndProject
Global
	GlobalSection(SolutionConfigurationPlatforms) = preSolution
		Debug|Any CPU = Debug|Any CPU
		Release|Any CPU = Release|Any CPU
	EndGlobalSection
	GlobalSection(ProjectConfigurationPlatforms) = postSolution
		{A1024576-BC6E-45D8-A179-00573E4966E5}.Debug|Any CPU.ActiveCfg = Debug|Any CPU
		{A1024576-BC6E-45D8-A179-00573E4966E5}.Debug|Any CPU.Build.0 = Debug|Any CPU
		{A1024576-BC6E-45D8-A179-00573E4966E5}.Release|Any CPU.ActiveCfg = Release|Any CPU
		{A1024576-BC6E-45D8-A179-00573E4966E5}.Release|Any CPU.Build.0 = Release|Any CPU
	EndGlobalSection
	GlobalSection(SolutionProperties) = preSolution
		HideSolutionNode = FALSE
	EndGlobalSection
	GlobalSection(ExtensibilityGlobals) = postSolution
		SolutionGuid = {4C4FD0A2-1E1F-43BB-AB6F-B4CF1D6DEBFA}
	EndGlobalSection
EndGlobal
