
Microsoft Visual Studio Solution File, Format Version 12.00
# Visual Studio Version 17
VisualStudioVersion = 17.10.34928.147
MinimumVisualStudioVersion = 10.0.40219.1
Project("{FAE04EC0-301F-11D3-BF4B-00C04F79EFBC}") = "PJT_mini3", "PJT_mini3.csproj", "{B4A0F165-455B-4CB3-BFCD-0EA911AE3683}"
EndProject
Global
	GlobalSection(SolutionConfigurationPlatforms) = preSolution
		Debug|Any CPU = Debug|Any CPU
		Release|Any CPU = Release|Any CPU
	EndGlobalSection
	GlobalSection(ProjectConfigurationPlatforms) = postSolution
		{B4A0F165-455B-4CB3-BFCD-0EA911AE3683}.Debug|Any CPU.ActiveCfg = Debug|Any CPU
		{B4A0F165-455B-4CB3-BFCD-0EA911AE3683}.Debug|Any CPU.Build.0 = Debug|Any CPU
		{B4A0F165-455B-4CB3-BFCD-0EA911AE3683}.Release|Any CPU.ActiveCfg = Release|Any CPU
		{B4A0F165-455B-4CB3-BFCD-0EA911AE3683}.Release|Any CPU.Build.0 = Release|Any CPU
	EndGlobalSection
	GlobalSection(SolutionProperties) = preSolution
		HideSolutionNode = FALSE
	EndGlobalSection
	GlobalSection(ExtensibilityGlobals) = postSolution
		SolutionGuid = {905AD970-161A-43CA-A206-DAE2CE1A0A80}
	EndGlobalSection
EndGlobal
