
Microsoft Visual Studio Solution File, Format Version 12.00
# Visual Studio Version 17
VisualStudioVersion = 17.10.34928.147
MinimumVisualStudioVersion = 10.0.40219.1
Project("{FAE04EC0-301F-11D3-BF4B-00C04F79EFBC}") = "PJT08_1", "PJT08_1.csproj", "{D603CD1E-F57A-495D-88FE-A5488D94BB91}"
EndProject
Global
	GlobalSection(SolutionConfigurationPlatforms) = preSolution
		Debug|Any CPU = Debug|Any CPU
		Release|Any CPU = Release|Any CPU
	EndGlobalSection
	GlobalSection(ProjectConfigurationPlatforms) = postSolution
		{D603CD1E-F57A-495D-88FE-A5488D94BB91}.Debug|Any CPU.ActiveCfg = Debug|Any CPU
		{D603CD1E-F57A-495D-88FE-A5488D94BB91}.Debug|Any CPU.Build.0 = Debug|Any CPU
		{D603CD1E-F57A-495D-88FE-A5488D94BB91}.Release|Any CPU.ActiveCfg = Release|Any CPU
		{D603CD1E-F57A-495D-88FE-A5488D94BB91}.Release|Any CPU.Build.0 = Release|Any CPU
	EndGlobalSection
	GlobalSection(SolutionProperties) = preSolution
		HideSolutionNode = FALSE
	EndGlobalSection
	GlobalSection(ExtensibilityGlobals) = postSolution
		SolutionGuid = {AD870C1A-9E6F-413D-BAC3-4B85D43859F5}
	EndGlobalSection
EndGlobal
