
Microsoft Visual Studio Solution File, Format Version 12.00
# Visual Studio Version 17
VisualStudioVersion = 17.10.34928.147
MinimumVisualStudioVersion = 10.0.40219.1
Project("{FAE04EC0-301F-11D3-BF4B-00C04F79EFBC}") = "PJT09_8", "PJT09_8.csproj", "{14EFFB85-A3DE-471C-A7DE-BA7EEC7C2E21}"
EndProject
Global
	GlobalSection(SolutionConfigurationPlatforms) = preSolution
		Debug|Any CPU = Debug|Any CPU
		Release|Any CPU = Release|Any CPU
	EndGlobalSection
	GlobalSection(ProjectConfigurationPlatforms) = postSolution
		{14EFFB85-A3DE-471C-A7DE-BA7EEC7C2E21}.Debug|Any CPU.ActiveCfg = Debug|Any CPU
		{14EFFB85-A3DE-471C-A7DE-BA7EEC7C2E21}.Debug|Any CPU.Build.0 = Debug|Any CPU
		{14EFFB85-A3DE-471C-A7DE-BA7EEC7C2E21}.Release|Any CPU.ActiveCfg = Release|Any CPU
		{14EFFB85-A3DE-471C-A7DE-BA7EEC7C2E21}.Release|Any CPU.Build.0 = Release|Any CPU
	EndGlobalSection
	GlobalSection(SolutionProperties) = preSolution
		HideSolutionNode = FALSE
	EndGlobalSection
	GlobalSection(ExtensibilityGlobals) = postSolution
		SolutionGuid = {AD932BE2-1CCB-434A-BC0D-30FC3D58E983}
	EndGlobalSection
EndGlobal
