
Microsoft Visual Studio Solution File, Format Version 12.00
# Visual Studio Version 17
VisualStudioVersion = 17.10.34928.147
MinimumVisualStudioVersion = 10.0.40219.1
Project("{FAE04EC0-301F-11D3-BF4B-00C04F79EFBC}") = "PJT08_Q2", "PJT08_Q2.csproj", "{71D84A99-C710-4CE7-97F9-0B67DDEB5A51}"
EndProject
Global
	GlobalSection(SolutionConfigurationPlatforms) = preSolution
		Debug|Any CPU = Debug|Any CPU
		Release|Any CPU = Release|Any CPU
	EndGlobalSection
	GlobalSection(ProjectConfigurationPlatforms) = postSolution
		{71D84A99-C710-4CE7-97F9-0B67DDEB5A51}.Debug|Any CPU.ActiveCfg = Debug|Any CPU
		{71D84A99-C710-4CE7-97F9-0B67DDEB5A51}.Debug|Any CPU.Build.0 = Debug|Any CPU
		{71D84A99-C710-4CE7-97F9-0B67DDEB5A51}.Release|Any CPU.ActiveCfg = Release|Any CPU
		{71D84A99-C710-4CE7-97F9-0B67DDEB5A51}.Release|Any CPU.Build.0 = Release|Any CPU
	EndGlobalSection
	GlobalSection(SolutionProperties) = preSolution
		HideSolutionNode = FALSE
	EndGlobalSection
	GlobalSection(ExtensibilityGlobals) = postSolution
		SolutionGuid = {478B97E6-12D1-4631-BC2B-08DFC5DFA8CD}
	EndGlobalSection
EndGlobal
