
Microsoft Visual Studio Solution File, Format Version 12.00
# Visual Studio Version 17
VisualStudioVersion = 17.10.34928.147
MinimumVisualStudioVersion = 10.0.40219.1
Project("{FAE04EC0-301F-11D3-BF4B-00C04F79EFBC}") = "PJT07_9", "PJT07_9.csproj", "{98B72CCE-0A9A-43AE-A4B8-FC68FC8C1B21}"
EndProject
Global
	GlobalSection(SolutionConfigurationPlatforms) = preSolution
		Debug|Any CPU = Debug|Any CPU
		Release|Any CPU = Release|Any CPU
	EndGlobalSection
	GlobalSection(ProjectConfigurationPlatforms) = postSolution
		{98B72CCE-0A9A-43AE-A4B8-FC68FC8C1B21}.Debug|Any CPU.ActiveCfg = Debug|Any CPU
		{98B72CCE-0A9A-43AE-A4B8-FC68FC8C1B21}.Debug|Any CPU.Build.0 = Debug|Any CPU
		{98B72CCE-0A9A-43AE-A4B8-FC68FC8C1B21}.Release|Any CPU.ActiveCfg = Release|Any CPU
		{98B72CCE-0A9A-43AE-A4B8-FC68FC8C1B21}.Release|Any CPU.Build.0 = Release|Any CPU
	EndGlobalSection
	GlobalSection(SolutionProperties) = preSolution
		HideSolutionNode = FALSE
	EndGlobalSection
	GlobalSection(ExtensibilityGlobals) = postSolution
		SolutionGuid = {E0024BA9-3CFA-4617-80A6-470AD61A2BD4}
	EndGlobalSection
EndGlobal
