
Microsoft Visual Studio Solution File, Format Version 12.00
# Visual Studio Version 17
VisualStudioVersion = 17.10.34928.147
MinimumVisualStudioVersion = 10.0.40219.1
Project("{FAE04EC0-301F-11D3-BF4B-00C04F79EFBC}") = "PJT11_12", "PJT11_12.csproj", "{051922E8-FC67-435C-AAB1-D09CC782562F}"
EndProject
Global
	GlobalSection(SolutionConfigurationPlatforms) = preSolution
		Debug|Any CPU = Debug|Any CPU
		Release|Any CPU = Release|Any CPU
	EndGlobalSection
	GlobalSection(ProjectConfigurationPlatforms) = postSolution
		{051922E8-FC67-435C-AAB1-D09CC782562F}.Debug|Any CPU.ActiveCfg = Debug|Any CPU
		{051922E8-FC67-435C-AAB1-D09CC782562F}.Debug|Any CPU.Build.0 = Debug|Any CPU
		{051922E8-FC67-435C-AAB1-D09CC782562F}.Release|Any CPU.ActiveCfg = Release|Any CPU
		{051922E8-FC67-435C-AAB1-D09CC782562F}.Release|Any CPU.Build.0 = Release|Any CPU
	EndGlobalSection
	GlobalSection(SolutionProperties) = preSolution
		HideSolutionNode = FALSE
	EndGlobalSection
	GlobalSection(ExtensibilityGlobals) = postSolution
		SolutionGuid = {2DD8070C-89CD-4F3B-A93B-5542B7CEB19E}
	EndGlobalSection
EndGlobal
