
Microsoft Visual Studio Solution File, Format Version 12.00
# Visual Studio Version 17
VisualStudioVersion = 17.10.34928.147
MinimumVisualStudioVersion = 10.0.40219.1
Project("{FAE04EC0-301F-11D3-BF4B-00C04F79EFBC}") = "PJT12_2", "PJT12_2.csproj", "{80253703-C553-4C75-86AA-0DA1847D22C8}"
EndProject
Global
	GlobalSection(SolutionConfigurationPlatforms) = preSolution
		Debug|Any CPU = Debug|Any CPU
		Release|Any CPU = Release|Any CPU
	EndGlobalSection
	GlobalSection(ProjectConfigurationPlatforms) = postSolution
		{80253703-C553-4C75-86AA-0DA1847D22C8}.Debug|Any CPU.ActiveCfg = Debug|Any CPU
		{80253703-C553-4C75-86AA-0DA1847D22C8}.Debug|Any CPU.Build.0 = Debug|Any CPU
		{80253703-C553-4C75-86AA-0DA1847D22C8}.Release|Any CPU.ActiveCfg = Release|Any CPU
		{80253703-C553-4C75-86AA-0DA1847D22C8}.Release|Any CPU.Build.0 = Release|Any CPU
	EndGlobalSection
	GlobalSection(SolutionProperties) = preSolution
		HideSolutionNode = FALSE
	EndGlobalSection
	GlobalSection(ExtensibilityGlobals) = postSolution
		SolutionGuid = {884216B6-E825-421A-8B52-2EDC58BFE761}
	EndGlobalSection
EndGlobal
