
Microsoft Visual Studio Solution File, Format Version 12.00
# Visual Studio Version 17
VisualStudioVersion = 17.10.34928.147
MinimumVisualStudioVersion = 10.0.40219.1
Project("{FAE04EC0-301F-11D3-BF4B-00C04F79EFBC}") = "PJT12_5", "PJT12_5.csproj", "{B6F8D194-C772-45F3-819A-D326C6A202BE}"
EndProject
Global
	GlobalSection(SolutionConfigurationPlatforms) = preSolution
		Debug|Any CPU = Debug|Any CPU
		Release|Any CPU = Release|Any CPU
	EndGlobalSection
	GlobalSection(ProjectConfigurationPlatforms) = postSolution
		{B6F8D194-C772-45F3-819A-D326C6A202BE}.Debug|Any CPU.ActiveCfg = Debug|Any CPU
		{B6F8D194-C772-45F3-819A-D326C6A202BE}.Debug|Any CPU.Build.0 = Debug|Any CPU
		{B6F8D194-C772-45F3-819A-D326C6A202BE}.Release|Any CPU.ActiveCfg = Release|Any CPU
		{B6F8D194-C772-45F3-819A-D326C6A202BE}.Release|Any CPU.Build.0 = Release|Any CPU
	EndGlobalSection
	GlobalSection(SolutionProperties) = preSolution
		HideSolutionNode = FALSE
	EndGlobalSection
	GlobalSection(ExtensibilityGlobals) = postSolution
		SolutionGuid = {06B073B4-4BE9-448B-826A-9A7A7D8AC6C2}
	EndGlobalSection
EndGlobal
