
Microsoft Visual Studio Solution File, Format Version 12.00
# Visual Studio Version 17
VisualStudioVersion = 17.10.34928.147
MinimumVisualStudioVersion = 10.0.40219.1
Project("{FAE04EC0-301F-11D3-BF4B-00C04F79EFBC}") = "PJT07_1", "PJT07_1.csproj", "{597A370B-4424-4E6D-8CBF-B7812CFFA0FD}"
EndProject
Global
	GlobalSection(SolutionConfigurationPlatforms) = preSolution
		Debug|Any CPU = Debug|Any CPU
		Release|Any CPU = Release|Any CPU
	EndGlobalSection
	GlobalSection(ProjectConfigurationPlatforms) = postSolution
		{597A370B-4424-4E6D-8CBF-B7812CFFA0FD}.Debug|Any CPU.ActiveCfg = Debug|Any CPU
		{597A370B-4424-4E6D-8CBF-B7812CFFA0FD}.Debug|Any CPU.Build.0 = Debug|Any CPU
		{597A370B-4424-4E6D-8CBF-B7812CFFA0FD}.Release|Any CPU.ActiveCfg = Release|Any CPU
		{597A370B-4424-4E6D-8CBF-B7812CFFA0FD}.Release|Any CPU.Build.0 = Release|Any CPU
	EndGlobalSection
	GlobalSection(SolutionProperties) = preSolution
		HideSolutionNode = FALSE
	EndGlobalSection
	GlobalSection(ExtensibilityGlobals) = postSolution
		SolutionGuid = {C9339E00-C02A-4625-BEEA-0CFD41751C3C}
	EndGlobalSection
EndGlobal
