
Microsoft Visual Studio Solution File, Format Version 12.00
# Visual Studio Version 17
VisualStudioVersion = 17.10.34928.147
MinimumVisualStudioVersion = 10.0.40219.1
Project("{FAE04EC0-301F-11D3-BF4B-00C04F79EFBC}") = "PJT07_6", "PJT07_6.csproj", "{A54F59DB-C284-411F-A8EA-CB2F66EF88B9}"
EndProject
Global
	GlobalSection(SolutionConfigurationPlatforms) = preSolution
		Debug|Any CPU = Debug|Any CPU
		Release|Any CPU = Release|Any CPU
	EndGlobalSection
	GlobalSection(ProjectConfigurationPlatforms) = postSolution
		{A54F59DB-C284-411F-A8EA-CB2F66EF88B9}.Debug|Any CPU.ActiveCfg = Debug|Any CPU
		{A54F59DB-C284-411F-A8EA-CB2F66EF88B9}.Debug|Any CPU.Build.0 = Debug|Any CPU
		{A54F59DB-C284-411F-A8EA-CB2F66EF88B9}.Release|Any CPU.ActiveCfg = Release|Any CPU
		{A54F59DB-C284-411F-A8EA-CB2F66EF88B9}.Release|Any CPU.Build.0 = Release|Any CPU
	EndGlobalSection
	GlobalSection(SolutionProperties) = preSolution
		HideSolutionNode = FALSE
	EndGlobalSection
	GlobalSection(ExtensibilityGlobals) = postSolution
		SolutionGuid = {77CF9F44-0275-4042-A4B7-A5BF8C6366DD}
	EndGlobalSection
EndGlobal
