
Microsoft Visual Studio Solution File, Format Version 12.00
# Visual Studio Version 17
VisualStudioVersion = 17.10.34928.147
MinimumVisualStudioVersion = 10.0.40219.1
Project("{FAE04EC0-301F-11D3-BF4B-00C04F79EFBC}") = "PJT09_02", "PJT09_02.csproj", "{AC410362-EA21-4A9C-A668-23A4BD44C476}"
EndProject
Global
	GlobalSection(SolutionConfigurationPlatforms) = preSolution
		Debug|Any CPU = Debug|Any CPU
		Release|Any CPU = Release|Any CPU
	EndGlobalSection
	GlobalSection(ProjectConfigurationPlatforms) = postSolution
		{AC410362-EA21-4A9C-A668-23A4BD44C476}.Debug|Any CPU.ActiveCfg = Debug|Any CPU
		{AC410362-EA21-4A9C-A668-23A4BD44C476}.Debug|Any CPU.Build.0 = Debug|Any CPU
		{AC410362-EA21-4A9C-A668-23A4BD44C476}.Release|Any CPU.ActiveCfg = Release|Any CPU
		{AC410362-EA21-4A9C-A668-23A4BD44C476}.Release|Any CPU.Build.0 = Release|Any CPU
	EndGlobalSection
	GlobalSection(SolutionProperties) = preSolution
		HideSolutionNode = FALSE
	EndGlobalSection
	GlobalSection(ExtensibilityGlobals) = postSolution
		SolutionGuid = {AB666FC2-267A-4D15-80A7-942A83EDB123}
	EndGlobalSection
EndGlobal
