
Microsoft Visual Studio Solution File, Format Version 12.00
# Visual Studio Version 17
VisualStudioVersion = 17.10.34928.147
MinimumVisualStudioVersion = 10.0.40219.1
Project("{FAE04EC0-301F-11D3-BF4B-00C04F79EFBC}") = "PJT11_8", "PJT11_8.csproj", "{CE6D8829-7BE7-4564-9E52-B839B293D117}"
EndProject
Global
	GlobalSection(SolutionConfigurationPlatforms) = preSolution
		Debug|Any CPU = Debug|Any CPU
		Release|Any CPU = Release|Any CPU
	EndGlobalSection
	GlobalSection(ProjectConfigurationPlatforms) = postSolution
		{CE6D8829-7BE7-4564-9E52-B839B293D117}.Debug|Any CPU.ActiveCfg = Debug|Any CPU
		{CE6D8829-7BE7-4564-9E52-B839B293D117}.Debug|Any CPU.Build.0 = Debug|Any CPU
		{CE6D8829-7BE7-4564-9E52-B839B293D117}.Release|Any CPU.ActiveCfg = Release|Any CPU
		{CE6D8829-7BE7-4564-9E52-B839B293D117}.Release|Any CPU.Build.0 = Release|Any CPU
	EndGlobalSection
	GlobalSection(SolutionProperties) = preSolution
		HideSolutionNode = FALSE
	EndGlobalSection
	GlobalSection(ExtensibilityGlobals) = postSolution
		SolutionGuid = {D941F0AA-F934-4366-985C-488217929E6F}
	EndGlobalSection
EndGlobal
