
Microsoft Visual Studio Solution File, Format Version 12.00
# Visual Studio Version 17
VisualStudioVersion = 17.10.34928.147
MinimumVisualStudioVersion = 10.0.40219.1
Project("{FAE04EC0-301F-11D3-BF4B-00C04F79EFBC}") = "PJT07_Q", "PJT07_Q.csproj", "{344F1401-AECB-45B8-BA4B-A1F5614D54FB}"
EndProject
Global
	GlobalSection(SolutionConfigurationPlatforms) = preSolution
		Debug|Any CPU = Debug|Any CPU
		Release|Any CPU = Release|Any CPU
	EndGlobalSection
	GlobalSection(ProjectConfigurationPlatforms) = postSolution
		{344F1401-AECB-45B8-BA4B-A1F5614D54FB}.Debug|Any CPU.ActiveCfg = Debug|Any CPU
		{344F1401-AECB-45B8-BA4B-A1F5614D54FB}.Debug|Any CPU.Build.0 = Debug|Any CPU
		{344F1401-AECB-45B8-BA4B-A1F5614D54FB}.Release|Any CPU.ActiveCfg = Release|Any CPU
		{344F1401-AECB-45B8-BA4B-A1F5614D54FB}.Release|Any CPU.Build.0 = Release|Any CPU
	EndGlobalSection
	GlobalSection(SolutionProperties) = preSolution
		HideSolutionNode = FALSE
	EndGlobalSection
	GlobalSection(ExtensibilityGlobals) = postSolution
		SolutionGuid = {32757C54-A27C-4A94-923A-BE07FB10A71E}
	EndGlobalSection
EndGlobal
