
Microsoft Visual Studio Solution File, Format Version 12.00
# Visual Studio Version 17
VisualStudioVersion = 17.10.34928.147
MinimumVisualStudioVersion = 10.0.40219.1
Project("{FAE04EC0-301F-11D3-BF4B-00C04F79EFBC}") = "PJT08_8", "PJT08_8.csproj", "{381BA3D6-6D8A-40FE-A811-4E39C5691489}"
EndProject
Global
	GlobalSection(SolutionConfigurationPlatforms) = preSolution
		Debug|Any CPU = Debug|Any CPU
		Release|Any CPU = Release|Any CPU
	EndGlobalSection
	GlobalSection(ProjectConfigurationPlatforms) = postSolution
		{381BA3D6-6D8A-40FE-A811-4E39C5691489}.Debug|Any CPU.ActiveCfg = Debug|Any CPU
		{381BA3D6-6D8A-40FE-A811-4E39C5691489}.Debug|Any CPU.Build.0 = Debug|Any CPU
		{381BA3D6-6D8A-40FE-A811-4E39C5691489}.Release|Any CPU.ActiveCfg = Release|Any CPU
		{381BA3D6-6D8A-40FE-A811-4E39C5691489}.Release|Any CPU.Build.0 = Release|Any CPU
	EndGlobalSection
	GlobalSection(SolutionProperties) = preSolution
		HideSolutionNode = FALSE
	EndGlobalSection
	GlobalSection(ExtensibilityGlobals) = postSolution
		SolutionGuid = {16DB065B-9C63-4A3F-9E8B-A7EFAEAD9F84}
	EndGlobalSection
EndGlobal
