
Microsoft Visual Studio Solution File, Format Version 12.00
# Visual Studio Version 17
VisualStudioVersion = 17.10.34928.147
MinimumVisualStudioVersion = 10.0.40219.1
Project("{FAE04EC0-301F-11D3-BF4B-00C04F79EFBC}") = "PJT09_1", "PJT09_1.csproj", "{772757BA-4018-4D44-8AE8-EC233729BE6B}"
EndProject
Global
	GlobalSection(SolutionConfigurationPlatforms) = preSolution
		Debug|Any CPU = Debug|Any CPU
		Release|Any CPU = Release|Any CPU
	EndGlobalSection
	GlobalSection(ProjectConfigurationPlatforms) = postSolution
		{772757BA-4018-4D44-8AE8-EC233729BE6B}.Debug|Any CPU.ActiveCfg = Debug|Any CPU
		{772757BA-4018-4D44-8AE8-EC233729BE6B}.Debug|Any CPU.Build.0 = Debug|Any CPU
		{772757BA-4018-4D44-8AE8-EC233729BE6B}.Release|Any CPU.ActiveCfg = Release|Any CPU
		{772757BA-4018-4D44-8AE8-EC233729BE6B}.Release|Any CPU.Build.0 = Release|Any CPU
	EndGlobalSection
	GlobalSection(SolutionProperties) = preSolution
		HideSolutionNode = FALSE
	EndGlobalSection
	GlobalSection(ExtensibilityGlobals) = postSolution
		SolutionGuid = {FCAD0AF4-173D-4FFE-8C23-DD79AD2C5AFA}
	EndGlobalSection
EndGlobal
