
Microsoft Visual Studio Solution File, Format Version 12.00
# Visual Studio Version 17
VisualStudioVersion = 17.10.34928.147
MinimumVisualStudioVersion = 10.0.40219.1
Project("{FAE04EC0-301F-11D3-BF4B-00C04F79EFBC}") = "PJT_mini8", "PJT_mini8.csproj", "{DBCFD14C-6783-462E-83C0-867E961B049F}"
EndProject
Global
	GlobalSection(SolutionConfigurationPlatforms) = preSolution
		Debug|Any CPU = Debug|Any CPU
		Release|Any CPU = Release|Any CPU
	EndGlobalSection
	GlobalSection(ProjectConfigurationPlatforms) = postSolution
		{DBCFD14C-6783-462E-83C0-867E961B049F}.Debug|Any CPU.ActiveCfg = Debug|Any CPU
		{DBCFD14C-6783-462E-83C0-867E961B049F}.Debug|Any CPU.Build.0 = Debug|Any CPU
		{DBCFD14C-6783-462E-83C0-867E961B049F}.Release|Any CPU.ActiveCfg = Release|Any CPU
		{DBCFD14C-6783-462E-83C0-867E961B049F}.Release|Any CPU.Build.0 = Release|Any CPU
	EndGlobalSection
	GlobalSection(SolutionProperties) = preSolution
		HideSolutionNode = FALSE
	EndGlobalSection
	GlobalSection(ExtensibilityGlobals) = postSolution
		SolutionGuid = {85278675-D8D1-4D25-99B8-36B722B85B00}
	EndGlobalSection
EndGlobal
