
Microsoft Visual Studio Solution File, Format Version 12.00
# Visual Studio Version 17
VisualStudioVersion = 17.10.34928.147
MinimumVisualStudioVersion = 10.0.40219.1
Project("{FAE04EC0-301F-11D3-BF4B-00C04F79EFBC}") = "PJT09_1", "PJT09_1.csproj", "{A5DD9A65-593F-4A2C-84CC-A3B9F645ACA0}"
EndProject
Global
	GlobalSection(SolutionConfigurationPlatforms) = preSolution
		Debug|Any CPU = Debug|Any CPU
		Release|Any CPU = Release|Any CPU
	EndGlobalSection
	GlobalSection(ProjectConfigurationPlatforms) = postSolution
		{A5DD9A65-593F-4A2C-84CC-A3B9F645ACA0}.Debug|Any CPU.ActiveCfg = Debug|Any CPU
		{A5DD9A65-593F-4A2C-84CC-A3B9F645ACA0}.Debug|Any CPU.Build.0 = Debug|Any CPU
		{A5DD9A65-593F-4A2C-84CC-A3B9F645ACA0}.Release|Any CPU.ActiveCfg = Release|Any CPU
		{A5DD9A65-593F-4A2C-84CC-A3B9F645ACA0}.Release|Any CPU.Build.0 = Release|Any CPU
	EndGlobalSection
	GlobalSection(SolutionProperties) = preSolution
		HideSolutionNode = FALSE
	EndGlobalSection
	GlobalSection(ExtensibilityGlobals) = postSolution
		SolutionGuid = {DE033BFA-557A-4437-BA5F-7D9CE0A65C29}
	EndGlobalSection
EndGlobal
