
Microsoft Visual Studio Solution File, Format Version 12.00
# Visual Studio Version 17
VisualStudioVersion = 17.10.34928.147
MinimumVisualStudioVersion = 10.0.40219.1
Project("{FAE04EC0-301F-11D3-BF4B-00C04F79EFBC}") = "PJT06_3", "PJT06_3.csproj", "{DE3B211B-2919-4A43-A424-CAD4497E39DA}"
EndProject
Global
	GlobalSection(SolutionConfigurationPlatforms) = preSolution
		Debug|Any CPU = Debug|Any CPU
		Release|Any CPU = Release|Any CPU
	EndGlobalSection
	GlobalSection(ProjectConfigurationPlatforms) = postSolution
		{DE3B211B-2919-4A43-A424-CAD4497E39DA}.Debug|Any CPU.ActiveCfg = Debug|Any CPU
		{DE3B211B-2919-4A43-A424-CAD4497E39DA}.Debug|Any CPU.Build.0 = Debug|Any CPU
		{DE3B211B-2919-4A43-A424-CAD4497E39DA}.Release|Any CPU.ActiveCfg = Release|Any CPU
		{DE3B211B-2919-4A43-A424-CAD4497E39DA}.Release|Any CPU.Build.0 = Release|Any CPU
	EndGlobalSection
	GlobalSection(SolutionProperties) = preSolution
		HideSolutionNode = FALSE
	EndGlobalSection
	GlobalSection(ExtensibilityGlobals) = postSolution
		SolutionGuid = {82918370-EC20-4A47-9817-4FF647BB360B}
	EndGlobalSection
EndGlobal
